
Microsoft Visual Studio Solution File, Format Version 12.00
# Visual Studio Version 17
VisualStudioVersion = 17.3.32929.385
MinimumVisualStudioVersion = 10.0.40219.1
Project("{FAE04EC0-301F-11D3-BF4B-00C04F79EFBC}") = "Decoder", "Decoder\Decoder.csproj", "{79CBB16B-F268-46B5-B016-5743AE5CDFEE}"
EndProject
Global
	GlobalSection(SolutionConfigurationPlatforms) = preSolution
		Debug|Any CPU = Debug|Any CPU
		Release|Any CPU = Release|Any CPU
	EndGlobalSection
	GlobalSection(ProjectConfigurationPlatforms) = postSolution
		{79CBB16B-F268-46B5-B016-5743AE5CDFEE}.Debug|Any CPU.ActiveCfg = Debug|Any CPU
		{79CBB16B-F268-46B5-B016-5743AE5CDFEE}.Debug|Any CPU.Build.0 = Debug|Any CPU
		{79CBB16B-F268-46B5-B016-5743AE5CDFEE}.Release|Any CPU.ActiveCfg = Release|Any CPU
		{79CBB16B-F268-46B5-B016-5743AE5CDFEE}.Release|Any CPU.Build.0 = Release|Any CPU
	EndGlobalSection
	GlobalSection(SolutionProperties) = preSolution
		HideSolutionNode = FALSE
	EndGlobalSection
	GlobalSection(ExtensibilityGlobals) = postSolution
		SolutionGuid = {54B902A1-EE92-41DB-A0AD-D9546D0A128F}
	EndGlobalSection
EndGlobal
