
Microsoft Visual Studio Solution File, Format Version 12.00
# Visual Studio Version 17
VisualStudioVersion = 17.3.32929.385
MinimumVisualStudioVersion = 10.0.40219.1
Project("{FAE04EC0-301F-11D3-BF4B-00C04F79EFBC}") = "pokedex_WindowsFormsApp", "pokedex_WindowsFormsApp\pokedex_WindowsFormsApp.csproj", "{304E4C77-1949-45A9-B35E-C8829C433E77}"
EndProject
Global
	GlobalSection(SolutionConfigurationPlatforms) = preSolution
		Debug|Any CPU = Debug|Any CPU
		Release|Any CPU = Release|Any CPU
	EndGlobalSection
	GlobalSection(ProjectConfigurationPlatforms) = postSolution
		{304E4C77-1949-45A9-B35E-C8829C433E77}.Debug|Any CPU.ActiveCfg = Debug|Any CPU
		{304E4C77-1949-45A9-B35E-C8829C433E77}.Debug|Any CPU.Build.0 = Debug|Any CPU
		{304E4C77-1949-45A9-B35E-C8829C433E77}.Release|Any CPU.ActiveCfg = Release|Any CPU
		{304E4C77-1949-45A9-B35E-C8829C433E77}.Release|Any CPU.Build.0 = Release|Any CPU
	EndGlobalSection
	GlobalSection(SolutionProperties) = preSolution
		HideSolutionNode = FALSE
	EndGlobalSection
	GlobalSection(ExtensibilityGlobals) = postSolution
		SolutionGuid = {520AA457-A9A8-4FAD-820A-8A958E135690}
	EndGlobalSection
EndGlobal
